<?xml version="1.0" encoding="utf-8"?>
<Project ToolsVersion="4.0" xmlns="http://schemas.microsoft.com/developer/msbuild/2003">
  <ItemGroup>
    <Filter Include="Framework">
      <UniqueIdentifier>{8e0752a5-a706-4ed1-87f9-068d18d0e031}</UniqueIdentifier>
    </Filter>
    <Filter Include="Framework\Sprite">
      <UniqueIdentifier>{24d60ce7-24ae-4df9-acd0-58cfe02eace1}</UniqueIdentifier>
    </Filter>
    <Filter Include="Framework\Camera">
      <UniqueIdentifier>{853e70b7-f871-4004-8a6f-49578b85ed06}</UniqueIdentifier>
    </Filter>
    <Filter Include="Framework\Physic">
      <UniqueIdentifier>{bc0a161a-456f-432c-9835-36312a43d824}</UniqueIdentifier>
    </Filter>
    <Filter Include="Framework\Sound">
      <UniqueIdentifier>{448ce403-62b5-4173-853b-5b883a7929d1}</UniqueIdentifier>
    </Filter>
    <Filter Include="Framework\Input">
      <UniqueIdentifier>{6d5e1646-fbbd-46b9-936f-807369f59ff9}</UniqueIdentifier>
    </Filter>
    <Filter Include="GameManager">
      <UniqueIdentifier>{fe369db1-fe66-434c-957d-fffd4481f2ab}</UniqueIdentifier>
    </Filter>
    <Filter Include="GameObject">
      <UniqueIdentifier>{8573d58e-8015-403e-bb24-081f8beab9c3}</UniqueIdentifier>
    </Filter>
    <Filter Include="GameObject\Background">
      <UniqueIdentifier>{7805ed68-860e-46fd-8e1d-0adf3743cfb4}</UniqueIdentifier>
    </Filter>
    <Filter Include="GameObject\BaseClass">
      <UniqueIdentifier>{d75178b6-c4bc-44be-9407-b2245c30324a}</UniqueIdentifier>
    </Filter>
    <Filter Include="GameObject\Item">
      <UniqueIdentifier>{d09a3a90-9ef3-4b00-a1fe-3a81ddc4574d}</UniqueIdentifier>
    </Filter>
    <Filter Include="GameObject\Mario">
      <UniqueIdentifier>{dc5c3887-8541-47c4-9b61-c2e7e443dec3}</UniqueIdentifier>
    </Filter>
    <Filter Include="GameObject\Monster">
      <UniqueIdentifier>{32324389-cf58-45eb-9f5e-c4da1a1cfebb}</UniqueIdentifier>
    </Filter>
    <Filter Include="GameObject\Object">
      <UniqueIdentifier>{143cef69-939f-4ce2-89e2-d7ca334fd74a}</UniqueIdentifier>
    </Filter>
    <Filter Include="Global">
      <UniqueIdentifier>{09ebb496-8d50-46f6-ab89-db98096ea5f2}</UniqueIdentifier>
    </Filter>
    <Filter Include="GameManager\GamesSatistics">
      <UniqueIdentifier>{71cc9dd0-ddd9-4113-acca-ec6a81a817b2}</UniqueIdentifier>
    </Filter>
    <Filter Include="GameManager\GameScene">
      <UniqueIdentifier>{3ff86ec3-0137-40f9-9020-e82405be2f1e}</UniqueIdentifier>
    </Filter>
    <Filter Include="GameManager\GameScene\Scene">
      <UniqueIdentifier>{7d5d8a2f-3455-4d7d-9bbb-7852852f63ca}</UniqueIdentifier>
    </Filter>
    <Filter Include="Game">
      <UniqueIdentifier>{b1861d37-ac24-4540-bced-1b64ff6ee687}</UniqueIdentifier>
    </Filter>
    <Filter Include="Main">
      <UniqueIdentifier>{7496afc3-c5b3-4631-be02-4ffa23846890}</UniqueIdentifier>
    </Filter>
    <Filter Include="Framework\Text">
      <UniqueIdentifier>{ba477043-6bf5-47d3-9798-dce0bbca468e}</UniqueIdentifier>
    </Filter>
    <Filter Include="GameObject\Object\Brick">
      <UniqueIdentifier>{e130abf0-1a9f-421f-9445-a5a231a9a4fd}</UniqueIdentifier>
    </Filter>
    <Filter Include="Framework\QuadTree">
      <UniqueIdentifier>{6cb3c8a9-204d-4b8b-b2e6-69a5e8113730}</UniqueIdentifier>
    </Filter>
    <Filter Include="GameObject\Effect">
      <UniqueIdentifier>{b4d1605d-b3d3-47a9-8e0b-3ae438d8cd04}</UniqueIdentifier>
    </Filter>
  </ItemGroup>
  <ItemGroup>
    <ClCompile Include="Sprite.cpp">
      <Filter>Framework\Sprite</Filter>
    </ClCompile>
    <ClCompile Include="Camera.cpp">
      <Filter>Framework\Camera</Filter>
    </ClCompile>
    <ClCompile Include="SpriteManager.cpp">
      <Filter>Framework\Sprite</Filter>
    </ClCompile>
    <ClCompile Include="Unility.cpp">
      <Filter>Global</Filter>
    </ClCompile>
    <ClCompile Include="Keyboard.cpp">
      <Filter>Framework\Input</Filter>
    </ClCompile>
    <ClCompile Include="Background.cpp">
      <Filter>GameObject\Background</Filter>
    </ClCompile>
    <ClCompile Include="Mario.cpp">
      <Filter>GameObject\Mario</Filter>
    </ClCompile>
    <ClCompile Include="GameObject.cpp">
      <Filter>GameObject\BaseClass</Filter>
    </ClCompile>
    <ClCompile Include="DynamicGameObject.cpp">
      <Filter>GameObject\BaseClass</Filter>
    </ClCompile>
    <ClCompile Include="SceneManager.cpp">
      <Filter>GameManager\GameScene</Filter>
    </ClCompile>
    <ClCompile Include="GameStatistics.cpp">
      <Filter>GameManager\GamesSatistics</Filter>
    </ClCompile>
    <ClCompile Include="PlayScene.cpp">
      <Filter>GameManager\GameScene\Scene</Filter>
    </ClCompile>
    <ClCompile Include="GameScene.cpp">
      <Filter>GameManager\GameScene</Filter>
    </ClCompile>
    <ClCompile Include="MenuScene.cpp">
      <Filter>GameManager\GameScene\Scene</Filter>
    </ClCompile>
    <ClCompile Include="Game.cpp">
      <Filter>Game</Filter>
    </ClCompile>
    <ClCompile Include="Main.cpp">
      <Filter>Main</Filter>
    </ClCompile>
    <ClCompile Include="TextManager.cpp">
      <Filter>Framework\Text</Filter>
    </ClCompile>
    <ClCompile Include="StartScene.cpp">
      <Filter>GameManager\GameScene\Scene</Filter>
    </ClCompile>
    <ClCompile Include="GameOverScene.cpp">
      <Filter>GameManager\GameScene\Scene</Filter>
    </ClCompile>
    <ClCompile Include="dsutil.cpp">
      <Filter>Framework\Sound</Filter>
    </ClCompile>
    <ClCompile Include="SoundManager.cpp">
      <Filter>Framework\Sound</Filter>
    </ClCompile>
    <ClCompile Include="Sound.cpp">
      <Filter>Framework\Sound</Filter>
    </ClCompile>
    <ClCompile Include="Ground.cpp">
      <Filter>GameObject\Object</Filter>
    </ClCompile>
    <ClCompile Include="SwepAABB.cpp">
      <Filter>Framework\Physic</Filter>
    </ClCompile>
    <ClCompile Include="Pipe.cpp">
      <Filter>GameObject\Object</Filter>
    </ClCompile>
    <ClCompile Include="Effect.cpp">
      <Filter>GameObject\Effect</Filter>
    </ClCompile>
    <ClCompile Include="BrickBreakEffect.cpp">
      <Filter>GameObject\Effect</Filter>
    </ClCompile>
    <ClCompile Include="EffectManager.cpp">
      <Filter>GameObject\Effect</Filter>
    </ClCompile>
    <ClCompile Include="ObtainCoinEffect.cpp">
      <Filter>GameObject\Effect</Filter>
    </ClCompile>
    <ClCompile Include="ItemBrick.cpp">
      <Filter>GameObject\Object\Brick</Filter>
    </ClCompile>
    <ClCompile Include="QuestionBlock.cpp">
      <Filter>GameObject\Object\Brick</Filter>
    </ClCompile>
    <ClCompile Include="Block.cpp">
      <Filter>GameObject\Object\Brick</Filter>
    </ClCompile>
    <ClCompile Include="Brick.cpp">
      <Filter>GameObject\Object\Brick</Filter>
    </ClCompile>
    <ClCompile Include="Mushroom.cpp">
      <Filter>GameObject\Item</Filter>
    </ClCompile>
    <ClCompile Include="FireFlower.cpp">
      <Filter>GameObject\Item</Filter>
    </ClCompile>
    <ClCompile Include="HardBlock.cpp">
      <Filter>GameObject\Object\Brick</Filter>
    </ClCompile>
    <ClCompile Include="FloatingTextEffect.cpp">
      <Filter>GameObject\Effect</Filter>
    </ClCompile>
    <ClCompile Include="Node.cpp">
      <Filter>Framework\QuadTree</Filter>
    </ClCompile>
    <ClCompile Include="QuadTree.cpp">
      <Filter>Framework\QuadTree</Filter>
    </ClCompile>
    <ClCompile Include="Coin.cpp">
      <Filter>GameObject\Item</Filter>
    </ClCompile>
    <ClCompile Include="PlayMap.cpp">
      <Filter>GameManager\GameScene\Scene</Filter>
    </ClCompile>
    <ClCompile Include="Starman.cpp">
      <Filter>GameObject\Item</Filter>
    </ClCompile>
    <ClCompile Include="FloatingBar.cpp">
      <Filter>GameObject\Object</Filter>
    </ClCompile>
    <ClCompile Include="Flagpole.cpp">
      <Filter>GameObject\Object</Filter>
    </ClCompile>
    <ClCompile Include="TimeUpScene.cpp">
      <Filter>GameManager\GameScene\Scene</Filter>
    </ClCompile>
    <ClCompile Include="Goomba.cpp">
      <Filter>GameObject\Monster</Filter>
    </ClCompile>
    <ClCompile Include="Monster.cpp">
      <Filter>GameObject\Monster</Filter>
    </ClCompile>
    <ClCompile Include="KoopaTroopa.cpp">
      <Filter>GameObject\Monster</Filter>
    </ClCompile>
    <ClCompile Include="KoopaParatroopa.cpp">
      <Filter>GameObject\Monster</Filter>
    </ClCompile>
    <ClCompile Include="PiranhaPlant.cpp">
      <Filter>GameObject\Monster</Filter>
    </ClCompile>
    <ClCompile Include="Bullet.cpp">
      <Filter>GameObject\Mario</Filter>
    </ClCompile>
    <ClCompile Include="Gun.cpp">
      <Filter>GameObject\Mario</Filter>
    </ClCompile>
    <ClCompile Include="KingBowser.cpp">
      <Filter>GameObject\Monster</Filter>
    </ClCompile>
    <ClCompile Include="BulletFire.cpp">
      <Filter>GameObject\Monster</Filter>
    </ClCompile>
    <ClCompile Include="KingBowserGun.cpp">
      <Filter>GameObject\Monster</Filter>
    </ClCompile>
    <ClCompile Include="Bridge.cpp">
      <Filter>GameObject\Object</Filter>
    </ClCompile>
    <ClCompile Include="Axe.cpp">
      <Filter>GameObject\Object</Filter>
    </ClCompile>
    <ClCompile Include="MushroomRetainer.cpp">
      <Filter>GameObject\Item</Filter>
    </ClCompile>
  </ItemGroup>
  <ItemGroup>
    <ClInclude Include="Sprite.h">
      <Filter>Framework\Sprite</Filter>
    </ClInclude>
    <ClInclude Include="GlobalVariables.h">
      <Filter>Global</Filter>
    </ClInclude>
    <ClInclude Include="SpriteManager.h">
      <Filter>Framework\Sprite</Filter>
    </ClInclude>
    <ClInclude Include="Unility.h">
      <Filter>Global</Filter>
    </ClInclude>
    <ClInclude Include="Keyboard.h">
      <Filter>Framework\Input</Filter>
    </ClInclude>
    <ClInclude Include="Background.h">
      <Filter>GameObject\Background</Filter>
    </ClInclude>
    <ClInclude Include="Mario.h">
      <Filter>GameObject\Mario</Filter>
    </ClInclude>
    <ClInclude Include="GameObject.h">
      <Filter>GameObject\BaseClass</Filter>
    </ClInclude>
    <ClInclude Include="DynamicGameObject.h">
      <Filter>GameObject\BaseClass</Filter>
    </ClInclude>
    <ClInclude Include="SceneManager.h">
      <Filter>GameManager\GameScene</Filter>
    </ClInclude>
    <ClInclude Include="GameStatistics.h">
      <Filter>GameManager\GamesSatistics</Filter>
    </ClInclude>
    <ClInclude Include="PlayScene.h">
      <Filter>GameManager\GameScene\Scene</Filter>
    </ClInclude>
    <ClInclude Include="GameScene.h">
      <Filter>GameManager\GameScene</Filter>
    </ClInclude>
    <ClInclude Include="MenuScene.h">
      <Filter>GameManager\GameScene\Scene</Filter>
    </ClInclude>
    <ClInclude Include="Game.h">
      <Filter>Game</Filter>
    </ClInclude>
    <ClInclude Include="TextManager.h">
      <Filter>Framework\Text</Filter>
    </ClInclude>
    <ClInclude Include="StartScene.h">
      <Filter>GameManager\GameScene\Scene</Filter>
    </ClInclude>
    <ClInclude Include="GameOverScene.h">
      <Filter>GameManager\GameScene\Scene</Filter>
    </ClInclude>
    <ClInclude Include="dsutil.h">
      <Filter>Framework\Sound</Filter>
    </ClInclude>
    <ClInclude Include="SoundManager.h">
      <Filter>Framework\Sound</Filter>
    </ClInclude>
    <ClInclude Include="Sound.h">
      <Filter>Framework\Sound</Filter>
    </ClInclude>
    <ClInclude Include="Ground.h">
      <Filter>GameObject\Object</Filter>
    </ClInclude>
    <ClInclude Include="SwepAABB.h">
      <Filter>Framework\Physic</Filter>
    </ClInclude>
    <ClInclude Include="Pipe.h">
      <Filter>GameObject\Object</Filter>
    </ClInclude>
    <ClInclude Include="Effect.h">
      <Filter>GameObject\Effect</Filter>
    </ClInclude>
    <ClInclude Include="BrickBreakEffect.h">
      <Filter>GameObject\Effect</Filter>
    </ClInclude>
    <ClInclude Include="EffectManager.h">
      <Filter>GameObject\Effect</Filter>
    </ClInclude>
    <ClInclude Include="ObtainCoinEffect.h">
      <Filter>GameObject\Effect</Filter>
    </ClInclude>
    <ClInclude Include="ItemBrick.h">
      <Filter>GameObject\Object\Brick</Filter>
    </ClInclude>
    <ClInclude Include="QuestionBlock.h">
      <Filter>GameObject\Object\Brick</Filter>
    </ClInclude>
    <ClInclude Include="Block.h">
      <Filter>GameObject\Object\Brick</Filter>
    </ClInclude>
    <ClInclude Include="Brick.h">
      <Filter>GameObject\Object\Brick</Filter>
    </ClInclude>
    <ClInclude Include="Mushroom.h">
      <Filter>GameObject\Item</Filter>
    </ClInclude>
    <ClInclude Include="FireFlower.h">
      <Filter>GameObject\Item</Filter>
    </ClInclude>
    <ClInclude Include="HardBlock.h">
      <Filter>GameObject\Object\Brick</Filter>
    </ClInclude>
    <ClInclude Include="FloatingTextEffect.h">
      <Filter>GameObject\Effect</Filter>
    </ClInclude>
    <ClInclude Include="Node.h">
      <Filter>Framework\QuadTree</Filter>
    </ClInclude>
    <ClInclude Include="QuadTree.h">
      <Filter>Framework\QuadTree</Filter>
    </ClInclude>
    <ClInclude Include="Coin.h">
      <Filter>GameObject\Item</Filter>
    </ClInclude>
    <ClInclude Include="PlayMap.h">
      <Filter>GameManager\GameScene\Scene</Filter>
    </ClInclude>
    <ClInclude Include="Starman.h">
      <Filter>GameObject\Item</Filter>
    </ClInclude>
    <ClInclude Include="FloatingBar.h">
      <Filter>GameObject\Object</Filter>
    </ClInclude>
    <ClInclude Include="Flagpole.h">
      <Filter>GameObject\Object</Filter>
    </ClInclude>
    <ClInclude Include="TimeUpScene.h">
      <Filter>GameManager\GameScene\Scene</Filter>
    </ClInclude>
    <ClInclude Include="Goomba.h">
      <Filter>GameObject\Monster</Filter>
    </ClInclude>
    <ClInclude Include="Monster.h">
      <Filter>GameObject\Monster</Filter>
    </ClInclude>
    <ClInclude Include="KoopaTroopa.h">
      <Filter>GameObject\Monster</Filter>
    </ClInclude>
    <ClInclude Include="KoopaParatroopa.h">
      <Filter>GameObject\Monster</Filter>
    </ClInclude>
    <ClInclude Include="PiranhaPlant.h">
      <Filter>GameObject\Monster</Filter>
    </ClInclude>
    <ClInclude Include="Camera.h">
      <Filter>Framework\Camera</Filter>
    </ClInclude>
    <ClInclude Include="Bullet.h">
      <Filter>GameObject\Mario</Filter>
    </ClInclude>
    <ClInclude Include="Gun.h">
      <Filter>GameObject\Mario</Filter>
    </ClInclude>
    <ClInclude Include="KingBowser.h">
      <Filter>GameObject\Monster</Filter>
    </ClInclude>
    <ClInclude Include="KingBowserGun.h">
      <Filter>GameObject\Monster</Filter>
    </ClInclude>
    <ClInclude Include="BulletFire.h">
      <Filter>GameObject\Monster</Filter>
    </ClInclude>
    <ClInclude Include="Bridge.h">
      <Filter>GameObject\Object</Filter>
    </ClInclude>
    <ClInclude Include="Axe.h">
      <Filter>GameObject\Object</Filter>
    </ClInclude>
    <ClInclude Include="MushroomRetainer.h">
      <Filter>GameObject\Item</Filter>
    </ClInclude>
  </ItemGroup>
  <ItemGroup>
    <None Include="app.config" />
  </ItemGroup>
</Project>